
Microsoft Visual Studio Solution File, Format Version 12.00
# Visual Studio Version 16
VisualStudioVersion = 16.0.31313.79
MinimumVisualStudioVersion = 10.0.40219.1
Project("{FAE04EC0-301F-11D3-BF4B-00C04F79EFBC}") = "Examples", "Examples\Examples.csproj", "{BDC5032F-E225-497E-A984-DE666957E7FB}"
EndProject
Project("{FAE04EC0-301F-11D3-BF4B-00C04F79EFBC}") = "gectikaldi", "gectikaldi\gectikaldi.csproj", "{C0B445EB-47E6-4BF6-8E29-4B6B3741504E}"
EndProject
Project("{FAE04EC0-301F-11D3-BF4B-00C04F79EFBC}") = "FaktoriyelDiziToplam", "FaktoriyelDiziToplam\FaktoriyelDiziToplam.csproj", "{C449B2BA-66F9-4525-B0AD-39AD1244D541}"
EndProject
Global
	GlobalSection(SolutionConfigurationPlatforms) = preSolution
		Debug|Any CPU = Debug|Any CPU
		Release|Any CPU = Release|Any CPU
	EndGlobalSection
	GlobalSection(ProjectConfigurationPlatforms) = postSolution
		{BDC5032F-E225-497E-A984-DE666957E7FB}.Debug|Any CPU.ActiveCfg = Debug|Any CPU
		{BDC5032F-E225-497E-A984-DE666957E7FB}.Debug|Any CPU.Build.0 = Debug|Any CPU
		{BDC5032F-E225-497E-A984-DE666957E7FB}.Release|Any CPU.ActiveCfg = Release|Any CPU
		{BDC5032F-E225-497E-A984-DE666957E7FB}.Release|Any CPU.Build.0 = Release|Any CPU
		{C0B445EB-47E6-4BF6-8E29-4B6B3741504E}.Debug|Any CPU.ActiveCfg = Debug|Any CPU
		{C0B445EB-47E6-4BF6-8E29-4B6B3741504E}.Debug|Any CPU.Build.0 = Debug|Any CPU
		{C0B445EB-47E6-4BF6-8E29-4B6B3741504E}.Release|Any CPU.ActiveCfg = Release|Any CPU
		{C0B445EB-47E6-4BF6-8E29-4B6B3741504E}.Release|Any CPU.Build.0 = Release|Any CPU
		{C449B2BA-66F9-4525-B0AD-39AD1244D541}.Debug|Any CPU.ActiveCfg = Debug|Any CPU
		{C449B2BA-66F9-4525-B0AD-39AD1244D541}.Debug|Any CPU.Build.0 = Debug|Any CPU
		{C449B2BA-66F9-4525-B0AD-39AD1244D541}.Release|Any CPU.ActiveCfg = Release|Any CPU
		{C449B2BA-66F9-4525-B0AD-39AD1244D541}.Release|Any CPU.Build.0 = Release|Any CPU
	EndGlobalSection
	GlobalSection(SolutionProperties) = preSolution
		HideSolutionNode = FALSE
	EndGlobalSection
	GlobalSection(ExtensibilityGlobals) = postSolution
		SolutionGuid = {66F3ED3C-1D18-4EE9-B89B-16AFFD476507}
	EndGlobalSection
EndGlobal
